{
  "name": "porfolio",
  "lockfileVersion": 2,
  "requires": true,
  "packages": {
    "": {
      "dependencies": {
        "animejs": "^3.2.1",
        "lottie-web": "^5.9.1"
      }
    },
    "node_modules/animejs": {
      "version": "3.2.1",
      "resolved": "https://registry.npmjs.org/animejs/-/animejs-3.2.1.tgz",
      "integrity": "sha512-sWno3ugFryK5nhiDm/2BKeFCpZv7vzerWUcUPyAZLDhMek3+S/p418ldZJbJXo5ZUOpfm2kP2XRO4NJcULMy9A=="
    },
    "node_modules/lottie-web": {
      "version": "5.9.1",
      "resolved": "https://registry.npmjs.org/lottie-web/-/lottie-web-5.9.1.tgz",
      "integrity": "sha512-3uKtU6BhIK6ZRCE/QyiXq/KuRvPeEAz/VFwqd99jPbpgFY9gHLw2krqvcuCFGepeW94BipS/B3TqIfTc9pUeZg=="
    }
  },
  "dependencies": {
    "animejs": {
      "version": "3.2.1",
      "resolved": "https://registry.npmjs.org/animejs/-/animejs-3.2.1.tgz",
      "integrity": "sha512-sWno3ugFryK5nhiDm/2BKeFCpZv7vzerWUcUPyAZLDhMek3+S/p418ldZJbJXo5ZUOpfm2kP2XRO4NJcULMy9A=="
    },
    "lottie-web": {
      "version": "5.9.1",
      "resolved": "https://registry.npmjs.org/lottie-web/-/lottie-web-5.9.1.tgz",
      "integrity": "sha512-3uKtU6BhIK6ZRCE/QyiXq/KuRvPeEAz/VFwqd99jPbpgFY9gHLw2krqvcuCFGepeW94BipS/B3TqIfTc9pUeZg=="
    }
  }
}
